PODS:
  - Alamofire (5.2.2)
  - AppAuth (1.4.0):
    - AppAuth/Core (= 1.4.0)
    - AppAuth/ExternalUserAgent (= 1.4.0)
  - AppAuth/Core (1.4.0)
  - AppAuth/ExternalUserAgent (1.4.0)
  - FBSDKCoreKit (7.1.1):
    - FBSDKCoreKit/Basics (= 7.1.1)
    - FBSDKCoreKit/Core (= 7.1.1)
  - FBSDKCoreKit/Basics (7.1.1)
  - FBSDKCoreKit/Core (7.1.1):
    - FBSDKCoreKit/Basics
  - FBSDKLoginKit (7.1.1):
    - FBSDKLoginKit/Login (= 7.1.1)
  - FBSDKLoginKit/Login (7.1.1):
    - FBSDKCoreKit (~> 7.1.1)
  - FBSDKShareKit (7.1.1):
    - FBSDKShareKit/Share (= 7.1.1)
  - FBSDKShareKit/Share (7.1.1):
    - FBSDKCoreKit (~> 7.1.1)
  - GoogleSignIn (5.0.2):
    - AppAuth (~> 1.2)
    - GTMAppAuth (~> 1.0)
    - GTMSessionFetcher/Core (~> 1.1)
  - GTMAppAuth (1.0.0):
    - AppAuth/Core (~> 1.0)
    - GTMSessionFetcher (~> 1.1)
  - GTMSessionFetcher (1.4.0):
    - GTMSessionFetcher/Full (= 1.4.0)
  - GTMSessionFetcher/Core (1.4.0)
  - GTMSessionFetcher/Full (1.4.0):
    - GTMSessionFetcher/Core (= 1.4.0)
  - Keys (1.0.1)
  - Realm (5.2.0):
    - Realm/Headers (= 5.2.0)
  - Realm/Headers (5.2.0)
  - RealmSwift (5.2.0):
    - Realm (= 5.2.0)
  - Swifter (2.4.0)
  - SwiftyXMLParser (5.1.0)

DEPENDENCIES:
  - Alamofire
  - FBSDKCoreKit
  - FBSDKLoginKit
  - FBSDKShareKit
  - GoogleSignIn
  - Keys (from `Pods/CocoaPodsKeys`)
  - RealmSwift
  - Swifter (from `https://github.com/mattdonnelly/Swifter.git`)
  - SwiftyXMLParser (from `https://github.com/yahoojapan/SwiftyXMLParser.git`)

SPEC REPOS:
  trunk:
    - Alamofire
    - AppAuth
    - FBSDKCoreKit
    - FBSDKLoginKit
    - FBSDKShareKit
    - GoogleSignIn
    - GTMAppAuth
    - GTMSessionFetcher
    - Realm
    - RealmSwift

EXTERNAL SOURCES:
  Keys:
    :path: Pods/CocoaPodsKeys
  Swifter:
    :git: https://github.com/mattdonnelly/Swifter.git
  SwiftyXMLParser:
    :git: https://github.com/yahoojapan/SwiftyXMLParser.git

CHECKOUT OPTIONS:
  Swifter:
    :commit: 7906c9476f612fc2a77c38f4731d4bc618cea6a8
    :git: https://github.com/mattdonnelly/Swifter.git
  SwiftyXMLParser:
    :commit: 5009f14af051cc8e0f20957375deb709f7b53758
    :git: https://github.com/yahoojapan/SwiftyXMLParser.git

SPEC CHECKSUMS:
  Alamofire: 814429acc853c6c54ff123fc3d2ef66803823ce0
  AppAuth: 31bcec809a638d7bd2f86ea8a52bd45f6e81e7c7
  FBSDKCoreKit: b46507dc8b8cefed31d644e74d7cc30e2a715ef8
  FBSDKLoginKit: 1a61d79e2b25e2fc0d03dccab1e34b38bbdf2546
  FBSDKShareKit: 00a055c1999b099596e00212dd1c0600c6697019
  GoogleSignIn: 7137d297ddc022a7e0aa4619c86d72c909fa7213
  GTMAppAuth: 4deac854479704f348309e7b66189e604cf5e01e
  GTMSessionFetcher: 6f5c8abbab8a9bce4bb3f057e317728ec6182b10
  Keys: a576f4c9c1c641ca913a959a9c62ed3f215a8de9
  Realm: f749c723e272f08fdf1939af5e61d2bd09b203e8
  RealmSwift: bf0ab78b52c5bafba8b3ad73be8dfb4c1ea5cf01
  Swifter: 0955a05325dc182fabfb1468305aef887180e0f1
  SwiftyXMLParser: c39a7854b7d32e447e19d0fabdd98696fe26f03a

PODFILE CHECKSUM: d1f2206fd6fd22dfe468d5089f257788498e2bd3

COCOAPODS: 1.9.2
