// !$*UTF8*$!
{
	archiveVersion = 1;
	classes = {
	};
	objectVersion = 51;
	objects = {

/* Begin PBXBuildFile section */
		002C6DC22505138E00914046 /* UserDefaults+Keys.swift in Sources */ = {isa = PBXBuildFile; fileRef = 002C6DC12505138E00914046 /* UserDefaults+Keys.swift */; };
		002C6DC425066EBF00914046 /* IconableButton.swift in Sources */ = {isa = PBXBuildFile; fileRef = 002C6DC325066EBF00914046 /* IconableButton.swift */; };
		00339E6A25120531000B2121 /* Logger.swift in Sources */ = {isa = PBXBuildFile; fileRef = 00339E6925120531000B2121 /* Logger.swift */; };
		00339E7025149712000B2121 /* String+Extension.swift in Sources */ = {isa = PBXBuildFile; fileRef = 00339E6F25149712000B2121 /* String+Extension.swift */; };
		003963202535434100DDAF8F /* SelectFeedViewController.swift in Sources */ = {isa = PBXBuildFile; fileRef = 0039631C2535434100DDAF8F /* SelectFeedViewController.swift */; };
		003963212535434100DDAF8F /* FeedTableCell.swift in Sources */ = {isa = PBXBuildFile; fileRef = 0039631D2535434100DDAF8F /* FeedTableCell.swift */; };
		003963222535434100DDAF8F /* SelectFeed.storyboard in Resources */ = {isa = PBXBuildFile; fileRef = 0039631E2535434100DDAF8F /* SelectFeed.storyboard */; };
		003963232535434100DDAF8F /* FeedTableCell.xib in Resources */ = {isa = PBXBuildFile; fileRef = 0039631F2535434100DDAF8F /* FeedTableCell.xib */; };
		00396328253543A700DDAF8F /* Feed.swift in Sources */ = {isa = PBXBuildFile; fileRef = 00396327253543A700DDAF8F /* Feed.swift */; };
		0039632D253543BA00DDAF8F /* FeedRepository.swift in Sources */ = {isa = PBXBuildFile; fileRef = 0039632C253543BA00DDAF8F /* FeedRepository.swift */; };
		003963322535443A00DDAF8F /* NotificationName+Extension.swift in Sources */ = {isa = PBXBuildFile; fileRef = 003963312535443A00DDAF8F /* NotificationName+Extension.swift */; };
		0039633B253552F100DDAF8F /* SelectFeedTableDataSource.swift in Sources */ = {isa = PBXBuildFile; fileRef = 0039633A253552F100DDAF8F /* SelectFeedTableDataSource.swift */; };
		003963402535530200DDAF8F /* SelectFeedTableDelegate.swift in Sources */ = {isa = PBXBuildFile; fileRef = 0039633F2535530200DDAF8F /* SelectFeedTableDelegate.swift */; };
		00436213254A87FD00F48C9E /* ItemOrganizer.swift in Sources */ = {isa = PBXBuildFile; fileRef = 00436212254A87FD00F48C9E /* ItemOrganizer.swift */; };
		005514FB253D810100938B48 /* Colors.xcassets in Resources */ = {isa = PBXBuildFile; fileRef = 005514FA253D810100938B48 /* Colors.xcassets */; };
		00551504253D8BB700938B48 /* ItemListCollectionView.swift in Sources */ = {isa = PBXBuildFile; fileRef = 00551500253D8BB700938B48 /* ItemListCollectionView.swift */; };
		00551505253D8BB700938B48 /* ItemListCollectionCell.xib in Resources */ = {isa = PBXBuildFile; fileRef = 00551502253D8BB700938B48 /* ItemListCollectionCell.xib */; };
		00551506253D8BB700938B48 /* ItemListCollectionCell.swift in Sources */ = {isa = PBXBuildFile; fileRef = 00551503253D8BB700938B48 /* ItemListCollectionCell.swift */; };
		0055150B253D8EA000938B48 /* SettingList.storyboard in Resources */ = {isa = PBXBuildFile; fileRef = 0055150A253D8EA000938B48 /* SettingList.storyboard */; };
		00551510253D8EB100938B48 /* SettingListViewController.swift in Sources */ = {isa = PBXBuildFile; fileRef = 0055150F253D8EB100938B48 /* SettingListViewController.swift */; };
		00551518253D90EF00938B48 /* UserSetting.swift in Sources */ = {isa = PBXBuildFile; fileRef = 00551517253D90EE00938B48 /* UserSetting.swift */; };
		005A93AC253EEAE900A70F1D /* ReadLaterViewController.swift in Sources */ = {isa = PBXBuildFile; fileRef = 005A93AA253EEAE900A70F1D /* ReadLaterViewController.swift */; };
		005A93AD253EEAE900A70F1D /* ReadLater.storyboard in Resources */ = {isa = PBXBuildFile; fileRef = 005A93AB253EEAE900A70F1D /* ReadLater.storyboard */; };
		005E0B8F253FDC0300E07373 /* WebView.storyboard in Resources */ = {isa = PBXBuildFile; fileRef = 005E0B8D253FDC0300E07373 /* WebView.storyboard */; };
		005E0B90253FDC0300E07373 /* WebViewController.swift in Sources */ = {isa = PBXBuildFile; fileRef = 005E0B8E253FDC0300E07373 /* WebViewController.swift */; };
		00919DDA2539350100008CC5 /* Item.swift in Sources */ = {isa = PBXBuildFile; fileRef = 00919DD92539350100008CC5 /* Item.swift */; };
		00919DFB2539459E00008CC5 /* ItemListDelegate.swift in Sources */ = {isa = PBXBuildFile; fileRef = 00919DF72539459E00008CC5 /* ItemListDelegate.swift */; };
		00919E09253946CC00008CC5 /* ItemListDataSource.swift in Sources */ = {isa = PBXBuildFile; fileRef = 00919E08253946CC00008CC5 /* ItemListDataSource.swift */; };
		00919E0E2539470A00008CC5 /* ItemListViewProtocol.swift in Sources */ = {isa = PBXBuildFile; fileRef = 00919E0D2539470A00008CC5 /* ItemListViewProtocol.swift */; };
		00919E132539474100008CC5 /* ItemListCellProtocol.swift in Sources */ = {isa = PBXBuildFile; fileRef = 00919E122539474100008CC5 /* ItemListCellProtocol.swift */; };
		00919E3025394B0600008CC5 /* ItemListTableView.swift in Sources */ = {isa = PBXBuildFile; fileRef = 00919E2C25394B0600008CC5 /* ItemListTableView.swift */; };
		00919E3125394B0600008CC5 /* ItemListTableCell.xib in Resources */ = {isa = PBXBuildFile; fileRef = 00919E2E25394B0600008CC5 /* ItemListTableCell.xib */; };
		00919E3225394B0600008CC5 /* ItemListTableCell.swift in Sources */ = {isa = PBXBuildFile; fileRef = 00919E2F25394B0600008CC5 /* ItemListTableCell.swift */; };
		00919E3E25397D5000008CC5 /* ItemDownloader.swift in Sources */ = {isa = PBXBuildFile; fileRef = 00919E3D25397D5000008CC5 /* ItemDownloader.swift */; };
		00919E56253980FC00008CC5 /* ItemCreator.swift in Sources */ = {isa = PBXBuildFile; fileRef = 00919E55253980FC00008CC5 /* ItemCreator.swift */; };
		0097EC152500AF22006779BE /* AppDelegate.swift in Sources */ = {isa = PBXBuildFile; fileRef = 0097EC142500AF22006779BE /* AppDelegate.swift */; };
		0097EC172500AF22006779BE /* SceneDelegate.swift in Sources */ = {isa = PBXBuildFile; fileRef = 0097EC162500AF22006779BE /* SceneDelegate.swift */; };
		0097EC1E2500AF25006779BE /* Assets.xcassets in Resources */ = {isa = PBXBuildFile; fileRef = 0097EC1D2500AF25006779BE /* Assets.xcassets */; };
		0097EC212500AF25006779BE /* LaunchScreen.storyboard in Resources */ = {isa = PBXBuildFile; fileRef = 0097EC1F2500AF25006779BE /* LaunchScreen.storyboard */; };
		0097EC2C2500AF25006779BE /* RSSReader_MaruyamaTests.swift in Sources */ = {isa = PBXBuildFile; fileRef = 0097EC2B2500AF25006779BE /* RSSReader_MaruyamaTests.swift */; };
		0097EC372500AF25006779BE /* RSSReader_MaruyamaUITests.swift in Sources */ = {isa = PBXBuildFile; fileRef = 0097EC362500AF25006779BE /* RSSReader_MaruyamaUITests.swift */; };
		0097EC462500C30F006779BE /* LoginViewController.swift in Sources */ = {isa = PBXBuildFile; fileRef = 0097EC452500C30F006779BE /* LoginViewController.swift */; };
		0097EC482500C31E006779BE /* Login.storyboard in Resources */ = {isa = PBXBuildFile; fileRef = 0097EC472500C31E006779BE /* Login.storyboard */; };
		0097EC4B2500C4E8006779BE /* AuthenticationServices.framework in Frameworks */ = {isa = PBXBuildFile; fileRef = 0097EC4A2500C4E8006779BE /* AuthenticationServices.framework */; };
		0097EC512500FE50006779BE /* UserRepository.swift in Sources */ = {isa = PBXBuildFile; fileRef = 0097EC502500FE50006779BE /* UserRepository.swift */; };
		0097EC532500FEA8006779BE /* User.swift in Sources */ = {isa = PBXBuildFile; fileRef = 0097EC522500FEA8006779BE /* User.swift */; };
		00A2E6F02549463900335134 /* SelectRSSIntervalViewController.swift in Sources */ = {isa = PBXBuildFile; fileRef = 00A2E6EF2549463900335134 /* SelectRSSIntervalViewController.swift */; };
		00A2E6FB2549464B00335134 /* SelectRSSInterval.storyboard in Resources */ = {isa = PBXBuildFile; fileRef = 00A2E6FA2549464B00335134 /* SelectRSSInterval.storyboard */; };
		00A38F6025492FC10076BF05 /* SelectFontSizeViewController.swift in Sources */ = {isa = PBXBuildFile; fileRef = 00A38F5F25492FC10076BF05 /* SelectFontSizeViewController.swift */; };
		00A38F6525492FDB0076BF05 /* SelectFontSize.storyboard in Resources */ = {isa = PBXBuildFile; fileRef = 00A38F6425492FDB0076BF05 /* SelectFontSize.storyboard */; };
		00B70E6F253D743C0012786C /* Root.storyboard in Resources */ = {isa = PBXBuildFile; fileRef = 00B70E6E253D743C0012786C /* Root.storyboard */; };
		00B70E8F253D764C0012786C /* Feed.storyboard in Resources */ = {isa = PBXBuildFile; fileRef = 00B70E8D253D764C0012786C /* Feed.storyboard */; };
		00B70E90253D764C0012786C /* FeedViewController.swift in Sources */ = {isa = PBXBuildFile; fileRef = 00B70E8E253D764C0012786C /* FeedViewController.swift */; };
		00B70E95253D76570012786C /* ItemListViewPageController.swift in Sources */ = {isa = PBXBuildFile; fileRef = 00B70E94253D76570012786C /* ItemListViewPageController.swift */; };
		00B70EA3253D7CDA0012786C /* ScrollTabViewDataSource.swift in Sources */ = {isa = PBXBuildFile; fileRef = 00B70E9D253D7CDA0012786C /* ScrollTabViewDataSource.swift */; };
		00B70EA4253D7CDA0012786C /* ScrollTabViewDelegate.swift in Sources */ = {isa = PBXBuildFile; fileRef = 00B70E9E253D7CDA0012786C /* ScrollTabViewDelegate.swift */; };
		00B70EA5253D7CDA0012786C /* ScrollTabViewCell.xib in Resources */ = {isa = PBXBuildFile; fileRef = 00B70EA0253D7CDA0012786C /* ScrollTabViewCell.xib */; };
		00B70EA6253D7CDA0012786C /* ScrollTabViewCell.swift in Sources */ = {isa = PBXBuildFile; fileRef = 00B70EA1253D7CDA0012786C /* ScrollTabViewCell.swift */; };
		00B70EA7253D7CDA0012786C /* ScrollTabView.swift in Sources */ = {isa = PBXBuildFile; fileRef = 00B70EA2253D7CDA0012786C /* ScrollTabView.swift */; };
		00C13909253ED0CE007A4B89 /* ItemRepository.swift in Sources */ = {isa = PBXBuildFile; fileRef = 00C13908253ED0CE007A4B89 /* ItemRepository.swift */; };
		00DEC6A92514B62B004A3BD0 /* Date+Extensioin.swift in Sources */ = {isa = PBXBuildFile; fileRef = 00DEC6A82514B62B004A3BD0 /* Date+Extensioin.swift */; };
		00DEC6B62515018F004A3BD0 /* UIViewController+Extension.swift in Sources */ = {isa = PBXBuildFile; fileRef = 00DEC6B52515018F004A3BD0 /* UIViewController+Extension.swift */; };
		00DEC7172527146C004A3BD0 /* AuthenticationService.swift in Sources */ = {isa = PBXBuildFile; fileRef = 00DEC7162527146C004A3BD0 /* AuthenticationService.swift */; };
		00DEC71D25271517004A3BD0 /* AuthenticationStrategy.swift in Sources */ = {isa = PBXBuildFile; fileRef = 00DEC71C25271517004A3BD0 /* AuthenticationStrategy.swift */; };
		00DEC72E2527161D004A3BD0 /* AppleAuthenticationStrategy.swift in Sources */ = {isa = PBXBuildFile; fileRef = 00DEC72D2527161D004A3BD0 /* AppleAuthenticationStrategy.swift */; };
		00DEC7332527164D004A3BD0 /* GoogleAuthenticationStrategy.swift in Sources */ = {isa = PBXBuildFile; fileRef = 00DEC7322527164D004A3BD0 /* GoogleAuthenticationStrategy.swift */; };
		00DEC7382527166E004A3BD0 /* FacebookAuthenticationStrategy.swift in Sources */ = {isa = PBXBuildFile; fileRef = 00DEC7372527166E004A3BD0 /* FacebookAuthenticationStrategy.swift */; };
		00DEC76D25273FAB004A3BD0 /* AuthenticationStrategyLocator.swift in Sources */ = {isa = PBXBuildFile; fileRef = 00DEC76C25273FAB004A3BD0 /* AuthenticationStrategyLocator.swift */; };
		00E2A6EA25492BE8005BFA22 /* SelectListStyleViewController.swift in Sources */ = {isa = PBXBuildFile; fileRef = 00E2A6E925492BE8005BFA22 /* SelectListStyleViewController.swift */; };
		00E2A6EF25492BF4005BFA22 /* SelectListStyle.storyboard in Resources */ = {isa = PBXBuildFile; fileRef = 00E2A6EE25492BF4005BFA22 /* SelectListStyle.storyboard */; };
		00F18D682549675C0025F87D /* ShareActivityItemSource.swift in Sources */ = {isa = PBXBuildFile; fileRef = 00F18D672549675C0025F87D /* ShareActivityItemSource.swift */; };
		00F64D44250142CE00F48858 /* ItemListViewController.swift in Sources */ = {isa = PBXBuildFile; fileRef = 00F64D43250142CE00F48858 /* ItemListViewController.swift */; };
		41661EF94F0F8CAC38E96D9D /* Pods_RSSReader_Maruyama_RSSReader_MaruyamaUITests.framework in Frameworks */ = {isa = PBXBuildFile; fileRef = 1A7E1306333728E5718229EE /* Pods_RSSReader_Maruyama_RSSReader_MaruyamaUITests.framework */; };
		8BC9050736C23C78627EF887 /* Pods_RSSReader_Maruyama.framework in Frameworks */ = {isa = PBXBuildFile; fileRef = A702F7A9537EA0A1522B6A60 /* Pods_RSSReader_Maruyama.framework */; };
		9C889FFED5D43705EBC007D5 /* Pods_RSSReader_MaruyamaTests.framework in Frameworks */ = {isa = PBXBuildFile; fileRef = 3364534928C3D390C305D65E /* Pods_RSSReader_MaruyamaTests.framework */; };
/* End PBXBuildFile section */

/* Begin PBXContainerItemProxy section */
		0097EC282500AF25006779BE /* PBXContainerItemProxy */ = {
			isa = PBXContainerItemProxy;
			containerPortal = 0097EC092500AF22006779BE /* Project object */;
			proxyType = 1;
			remoteGlobalIDString = 0097EC102500AF22006779BE;
			remoteInfo = "RSSReader-Maruyama";
		};
		0097EC332500AF25006779BE /* PBXContainerItemProxy */ = {
			isa = PBXContainerItemProxy;
			containerPortal = 0097EC092500AF22006779BE /* Project object */;
			proxyType = 1;
			remoteGlobalIDString = 0097EC102500AF22006779BE;
			remoteInfo = "RSSReader-Maruyama";
		};
/* End PBXContainerItemProxy section */

/* Begin PBXFileReference section */
		002C6DC12505138E00914046 /* UserDefaults+Keys.swift */ = {isa = PBXFileReference; lastKnownFileType = sourcecode.swift; path = "UserDefaults+Keys.swift"; sourceTree = "<group>"; };
		002C6DC325066EBF00914046 /* IconableButton.swift */ = {isa = PBXFileReference; lastKnownFileType = sourcecode.swift; path = IconableButton.swift; sourceTree = "<group>"; };
		00339E6925120531000B2121 /* Logger.swift */ = {isa = PBXFileReference; lastKnownFileType = sourcecode.swift; path = Logger.swift; sourceTree = "<group>"; };
		00339E6F25149712000B2121 /* String+Extension.swift */ = {isa = PBXFileReference; lastKnownFileType = sourcecode.swift; path = "String+Extension.swift"; sourceTree = "<group>"; };
		0039631C2535434100DDAF8F /* SelectFeedViewController.swift */ = {isa = PBXFileReference; fileEncoding = 4; lastKnownFileType = sourcecode.swift; path = SelectFeedViewController.swift; sourceTree = "<group>"; };
		0039631D2535434100DDAF8F /* FeedTableCell.swift */ = {isa = PBXFileReference; fileEncoding = 4; lastKnownFileType = sourcecode.swift; path = FeedTableCell.swift; sourceTree = "<group>"; };
		0039631E2535434100DDAF8F /* SelectFeed.storyboard */ = {isa = PBXFileReference; fileEncoding = 4; lastKnownFileType = file.storyboard; path = SelectFeed.storyboard; sourceTree = "<group>"; };
		0039631F2535434100DDAF8F /* FeedTableCell.xib */ = {isa = PBXFileReference; fileEncoding = 4; lastKnownFileType = file.xib; path = FeedTableCell.xib; sourceTree = "<group>"; };
		00396327253543A700DDAF8F /* Feed.swift */ = {isa = PBXFileReference; fileEncoding = 4; lastKnownFileType = sourcecode.swift; path = Feed.swift; sourceTree = "<group>"; };
		0039632C253543BA00DDAF8F /* FeedRepository.swift */ = {isa = PBXFileReference; fileEncoding = 4; lastKnownFileType = sourcecode.swift; path = FeedRepository.swift; sourceTree = "<group>"; };
		003963312535443A00DDAF8F /* NotificationName+Extension.swift */ = {isa = PBXFileReference; fileEncoding = 4; lastKnownFileType = sourcecode.swift; path = "NotificationName+Extension.swift"; sourceTree = "<group>"; };
		0039633A253552F100DDAF8F /* SelectFeedTableDataSource.swift */ = {isa = PBXFileReference; lastKnownFileType = sourcecode.swift; path = SelectFeedTableDataSource.swift; sourceTree = "<group>"; };
		0039633F2535530200DDAF8F /* SelectFeedTableDelegate.swift */ = {isa = PBXFileReference; lastKnownFileType = sourcecode.swift; path = SelectFeedTableDelegate.swift; sourceTree = "<group>"; };
		00436212254A87FD00F48C9E /* ItemOrganizer.swift */ = {isa = PBXFileReference; lastKnownFileType = sourcecode.swift; path = ItemOrganizer.swift; sourceTree = "<group>"; };
		005514FA253D810100938B48 /* Colors.xcassets */ = {isa = PBXFileReference; lastKnownFileType = folder.assetcatalog; path = Colors.xcassets; sourceTree = "<group>"; };
		00551500253D8BB700938B48 /* ItemListCollectionView.swift */ = {isa = PBXFileReference; fileEncoding = 4; lastKnownFileType = sourcecode.swift; path = ItemListCollectionView.swift; sourceTree = "<group>"; };
		00551502253D8BB700938B48 /* ItemListCollectionCell.xib */ = {isa = PBXFileReference; fileEncoding = 4; lastKnownFileType = file.xib; path = ItemListCollectionCell.xib; sourceTree = "<group>"; };
		00551503253D8BB700938B48 /* ItemListCollectionCell.swift */ = {isa = PBXFileReference; fileEncoding = 4; lastKnownFileType = sourcecode.swift; path = ItemListCollectionCell.swift; sourceTree = "<group>"; };
		0055150A253D8EA000938B48 /* SettingList.storyboard */ = {isa = PBXFileReference; lastKnownFileType = file.storyboard; path = SettingList.storyboard; sourceTree = "<group>"; };
		0055150F253D8EB100938B48 /* SettingListViewController.swift */ = {isa = PBXFileReference; lastKnownFileType = sourcecode.swift; path = SettingListViewController.swift; sourceTree = "<group>"; };
		00551517253D90EE00938B48 /* UserSetting.swift */ = {isa = PBXFileReference; fileEncoding = 4; lastKnownFileType = sourcecode.swift; path = UserSetting.swift; sourceTree = "<group>"; };
		005A93AA253EEAE900A70F1D /* ReadLaterViewController.swift */ = {isa = PBXFileReference; fileEncoding = 4; lastKnownFileType = sourcecode.swift; path = ReadLaterViewController.swift; sourceTree = "<group>"; };
		005A93AB253EEAE900A70F1D /* ReadLater.storyboard */ = {isa = PBXFileReference; fileEncoding = 4; lastKnownFileType = file.storyboard; path = ReadLater.storyboard; sourceTree = "<group>"; };
		005E0B8D253FDC0300E07373 /* WebView.storyboard */ = {isa = PBXFileReference; fileEncoding = 4; lastKnownFileType = file.storyboard; path = WebView.storyboard; sourceTree = "<group>"; };
		005E0B8E253FDC0300E07373 /* WebViewController.swift */ = {isa = PBXFileReference; fileEncoding = 4; lastKnownFileType = sourcecode.swift; path = WebViewController.swift; sourceTree = "<group>"; };
		00919DD92539350100008CC5 /* Item.swift */ = {isa = PBXFileReference; fileEncoding = 4; lastKnownFileType = sourcecode.swift; path = Item.swift; sourceTree = "<group>"; };
		00919DF72539459E00008CC5 /* ItemListDelegate.swift */ = {isa = PBXFileReference; fileEncoding = 4; lastKnownFileType = sourcecode.swift; path = ItemListDelegate.swift; sourceTree = "<group>"; };
		00919E08253946CC00008CC5 /* ItemListDataSource.swift */ = {isa = PBXFileReference; fileEncoding = 4; lastKnownFileType = sourcecode.swift; path = ItemListDataSource.swift; sourceTree = "<group>"; };
		00919E0D2539470A00008CC5 /* ItemListViewProtocol.swift */ = {isa = PBXFileReference; fileEncoding = 4; lastKnownFileType = sourcecode.swift; path = ItemListViewProtocol.swift; sourceTree = "<group>"; };
		00919E122539474100008CC5 /* ItemListCellProtocol.swift */ = {isa = PBXFileReference; fileEncoding = 4; lastKnownFileType = sourcecode.swift; path = ItemListCellProtocol.swift; sourceTree = "<group>"; };
		00919E2C25394B0600008CC5 /* ItemListTableView.swift */ = {isa = PBXFileReference; fileEncoding = 4; lastKnownFileType = sourcecode.swift; path = ItemListTableView.swift; sourceTree = "<group>"; };
		00919E2E25394B0600008CC5 /* ItemListTableCell.xib */ = {isa = PBXFileReference; fileEncoding = 4; lastKnownFileType = file.xib; path = ItemListTableCell.xib; sourceTree = "<group>"; };
		00919E2F25394B0600008CC5 /* ItemListTableCell.swift */ = {isa = PBXFileReference; fileEncoding = 4; lastKnownFileType = sourcecode.swift; path = ItemListTableCell.swift; sourceTree = "<group>"; };
		00919E3D25397D5000008CC5 /* ItemDownloader.swift */ = {isa = PBXFileReference; fileEncoding = 4; lastKnownFileType = sourcecode.swift; path = ItemDownloader.swift; sourceTree = "<group>"; };
		00919E55253980FC00008CC5 /* ItemCreator.swift */ = {isa = PBXFileReference; fileEncoding = 4; lastKnownFileType = sourcecode.swift; path = ItemCreator.swift; sourceTree = "<group>"; };
		0097EC112500AF22006779BE /* RSSReader-Maruyama.app */ = {isa = PBXFileReference; explicitFileType = wrapper.application; includeInIndex = 0; path = "RSSReader-Maruyama.app"; sourceTree = BUILT_PRODUCTS_DIR; };
		0097EC142500AF22006779BE /* AppDelegate.swift */ = {isa = PBXFileReference; lastKnownFileType = sourcecode.swift; path = AppDelegate.swift; sourceTree = "<group>"; };
		0097EC162500AF22006779BE /* SceneDelegate.swift */ = {isa = PBXFileReference; lastKnownFileType = sourcecode.swift; path = SceneDelegate.swift; sourceTree = "<group>"; };
		0097EC1D2500AF25006779BE /* Assets.xcassets */ = {isa = PBXFileReference; lastKnownFileType = folder.assetcatalog; path = Assets.xcassets; sourceTree = "<group>"; };
		0097EC202500AF25006779BE /* Base */ = {isa = PBXFileReference; lastKnownFileType = file.storyboard; name = Base; path = Base.lproj/LaunchScreen.storyboard; sourceTree = "<group>"; };
		0097EC222500AF25006779BE /* Info.plist */ = {isa = PBXFileReference; lastKnownFileType = text.plist.xml; path = Info.plist; sourceTree = "<group>"; };
		0097EC272500AF25006779BE /* RSSReader-MaruyamaTests.xctest */ = {isa = PBXFileReference; explicitFileType = wrapper.cfbundle; includeInIndex = 0; path = "RSSReader-MaruyamaTests.xctest"; sourceTree = BUILT_PRODUCTS_DIR; };
		0097EC2B2500AF25006779BE /* RSSReader_MaruyamaTests.swift */ = {isa = PBXFileReference; lastKnownFileType = sourcecode.swift; path = RSSReader_MaruyamaTests.swift; sourceTree = "<group>"; };
		0097EC2D2500AF25006779BE /* Info.plist */ = {isa = PBXFileReference; lastKnownFileType = text.plist.xml; path = Info.plist; sourceTree = "<group>"; };
		0097EC322500AF25006779BE /* RSSReader-MaruyamaUITests.xctest */ = {isa = PBXFileReference; explicitFileType = wrapper.cfbundle; includeInIndex = 0; path = "RSSReader-MaruyamaUITests.xctest"; sourceTree = BUILT_PRODUCTS_DIR; };
		0097EC362500AF25006779BE /* RSSReader_MaruyamaUITests.swift */ = {isa = PBXFileReference; lastKnownFileType = sourcecode.swift; path = RSSReader_MaruyamaUITests.swift; sourceTree = "<group>"; };
		0097EC382500AF25006779BE /* Info.plist */ = {isa = PBXFileReference; lastKnownFileType = text.plist.xml; path = Info.plist; sourceTree = "<group>"; };
		0097EC452500C30F006779BE /* LoginViewController.swift */ = {isa = PBXFileReference; lastKnownFileType = sourcecode.swift; path = LoginViewController.swift; sourceTree = "<group>"; };
		0097EC472500C31E006779BE /* Login.storyboard */ = {isa = PBXFileReference; lastKnownFileType = file.storyboard; path = Login.storyboard; sourceTree = "<group>"; };
		0097EC4A2500C4E8006779BE /* AuthenticationServices.framework */ = {isa = PBXFileReference; lastKnownFileType = wrapper.framework; name = AuthenticationServices.framework; path = System/Library/Frameworks/AuthenticationServices.framework; sourceTree = SDKROOT; };
		0097EC502500FE50006779BE /* UserRepository.swift */ = {isa = PBXFileReference; lastKnownFileType = sourcecode.swift; path = UserRepository.swift; sourceTree = "<group>"; };
		0097EC522500FEA8006779BE /* User.swift */ = {isa = PBXFileReference; lastKnownFileType = sourcecode.swift; path = User.swift; sourceTree = "<group>"; };
		00A2E6EF2549463900335134 /* SelectRSSIntervalViewController.swift */ = {isa = PBXFileReference; lastKnownFileType = sourcecode.swift; path = SelectRSSIntervalViewController.swift; sourceTree = "<group>"; };
		00A2E6FA2549464B00335134 /* SelectRSSInterval.storyboard */ = {isa = PBXFileReference; lastKnownFileType = file.storyboard; path = SelectRSSInterval.storyboard; sourceTree = "<group>"; };
		00A38F5F25492FC10076BF05 /* SelectFontSizeViewController.swift */ = {isa = PBXFileReference; lastKnownFileType = sourcecode.swift; path = SelectFontSizeViewController.swift; sourceTree = "<group>"; };
		00A38F6425492FDB0076BF05 /* SelectFontSize.storyboard */ = {isa = PBXFileReference; lastKnownFileType = file.storyboard; path = SelectFontSize.storyboard; sourceTree = "<group>"; };
		00B70E6E253D743C0012786C /* Root.storyboard */ = {isa = PBXFileReference; lastKnownFileType = file.storyboard; path = Root.storyboard; sourceTree = "<group>"; };
		00B70E8D253D764C0012786C /* Feed.storyboard */ = {isa = PBXFileReference; fileEncoding = 4; lastKnownFileType = file.storyboard; path = Feed.storyboard; sourceTree = "<group>"; };
		00B70E8E253D764C0012786C /* FeedViewController.swift */ = {isa = PBXFileReference; fileEncoding = 4; lastKnownFileType = sourcecode.swift; path = FeedViewController.swift; sourceTree = "<group>"; };
		00B70E94253D76570012786C /* ItemListViewPageController.swift */ = {isa = PBXFileReference; fileEncoding = 4; lastKnownFileType = sourcecode.swift; path = ItemListViewPageController.swift; sourceTree = "<group>"; };
		00B70E9D253D7CDA0012786C /* ScrollTabViewDataSource.swift */ = {isa = PBXFileReference; fileEncoding = 4; lastKnownFileType = sourcecode.swift; path = ScrollTabViewDataSource.swift; sourceTree = "<group>"; };
		00B70E9E253D7CDA0012786C /* ScrollTabViewDelegate.swift */ = {isa = PBXFileReference; fileEncoding = 4; lastKnownFileType = sourcecode.swift; path = ScrollTabViewDelegate.swift; sourceTree = "<group>"; };
		00B70EA0253D7CDA0012786C /* ScrollTabViewCell.xib */ = {isa = PBXFileReference; fileEncoding = 4; lastKnownFileType = file.xib; path = ScrollTabViewCell.xib; sourceTree = "<group>"; };
		00B70EA1253D7CDA0012786C /* ScrollTabViewCell.swift */ = {isa = PBXFileReference; fileEncoding = 4; lastKnownFileType = sourcecode.swift; path = ScrollTabViewCell.swift; sourceTree = "<group>"; };
		00B70EA2253D7CDA0012786C /* ScrollTabView.swift */ = {isa = PBXFileReference; fileEncoding = 4; lastKnownFileType = sourcecode.swift; path = ScrollTabView.swift; sourceTree = "<group>"; };
		00C13908253ED0CE007A4B89 /* ItemRepository.swift */ = {isa = PBXFileReference; fileEncoding = 4; lastKnownFileType = sourcecode.swift; path = ItemRepository.swift; sourceTree = "<group>"; };
		00DEC6A82514B62B004A3BD0 /* Date+Extensioin.swift */ = {isa = PBXFileReference; lastKnownFileType = sourcecode.swift; path = "Date+Extensioin.swift"; sourceTree = "<group>"; };
		00DEC6B52515018F004A3BD0 /* UIViewController+Extension.swift */ = {isa = PBXFileReference; lastKnownFileType = sourcecode.swift; path = "UIViewController+Extension.swift"; sourceTree = "<group>"; };
		00DEC7162527146C004A3BD0 /* AuthenticationService.swift */ = {isa = PBXFileReference; lastKnownFileType = sourcecode.swift; path = AuthenticationService.swift; sourceTree = "<group>"; };
		00DEC71C25271517004A3BD0 /* AuthenticationStrategy.swift */ = {isa = PBXFileReference; lastKnownFileType = sourcecode.swift; name = AuthenticationStrategy.swift; path = ../Protocols/AuthenticationStrategy.swift; sourceTree = "<group>"; };
		00DEC72D2527161D004A3BD0 /* AppleAuthenticationStrategy.swift */ = {isa = PBXFileReference; lastKnownFileType = sourcecode.swift; path = AppleAuthenticationStrategy.swift; sourceTree = "<group>"; };
		00DEC7322527164D004A3BD0 /* GoogleAuthenticationStrategy.swift */ = {isa = PBXFileReference; lastKnownFileType = sourcecode.swift; path = GoogleAuthenticationStrategy.swift; sourceTree = "<group>"; };
		00DEC7372527166E004A3BD0 /* FacebookAuthenticationStrategy.swift */ = {isa = PBXFileReference; lastKnownFileType = sourcecode.swift; path = FacebookAuthenticationStrategy.swift; sourceTree = "<group>"; };
		00DEC76C25273FAB004A3BD0 /* AuthenticationStrategyLocator.swift */ = {isa = PBXFileReference; lastKnownFileType = sourcecode.swift; path = AuthenticationStrategyLocator.swift; sourceTree = "<group>"; };
		00E2A6E925492BE8005BFA22 /* SelectListStyleViewController.swift */ = {isa = PBXFileReference; lastKnownFileType = sourcecode.swift; path = SelectListStyleViewController.swift; sourceTree = "<group>"; };
		00E2A6EE25492BF4005BFA22 /* SelectListStyle.storyboard */ = {isa = PBXFileReference; lastKnownFileType = file.storyboard; path = SelectListStyle.storyboard; sourceTree = "<group>"; };
		00F18D672549675C0025F87D /* ShareActivityItemSource.swift */ = {isa = PBXFileReference; lastKnownFileType = sourcecode.swift; path = ShareActivityItemSource.swift; sourceTree = "<group>"; };
		00F64D43250142CE00F48858 /* ItemListViewController.swift */ = {isa = PBXFileReference; lastKnownFileType = sourcecode.swift; path = ItemListViewController.swift; sourceTree = "<group>"; };
		1A7E1306333728E5718229EE /* Pods_RSSReader_Maruyama_RSSReader_MaruyamaUITests.framework */ = {isa = PBXFileReference; explicitFileType = wrapper.framework; includeInIndex = 0; path = Pods_RSSReader_Maruyama_RSSReader_MaruyamaUITests.framework; sourceTree = BUILT_PRODUCTS_DIR; };
		3364534928C3D390C305D65E /* Pods_RSSReader_MaruyamaTests.framework */ = {isa = PBXFileReference; explicitFileType = wrapper.framework; includeInIndex = 0; path = Pods_RSSReader_MaruyamaTests.framework; sourceTree = BUILT_PRODUCTS_DIR; };
		65AB743606714C932764B31D /* Pods-RSSReader-MaruyamaTests.release.xcconfig */ = {isa = PBXFileReference; includeInIndex = 1; lastKnownFileType = text.xcconfig; name = "Pods-RSSReader-MaruyamaTests.release.xcconfig"; path = "Target Support Files/Pods-RSSReader-MaruyamaTests/Pods-RSSReader-MaruyamaTests.release.xcconfig"; sourceTree = "<group>"; };
		6DAEBF5C582EFADDA2A19E4F /* Pods-RSSReader-Maruyama-RSSReader-MaruyamaUITests.debug.xcconfig */ = {isa = PBXFileReference; includeInIndex = 1; lastKnownFileType = text.xcconfig; name = "Pods-RSSReader-Maruyama-RSSReader-MaruyamaUITests.debug.xcconfig"; path = "Target Support Files/Pods-RSSReader-Maruyama-RSSReader-MaruyamaUITests/Pods-RSSReader-Maruyama-RSSReader-MaruyamaUITests.debug.xcconfig"; sourceTree = "<group>"; };
		6F89A21A1A81800EC465FADE /* Pods-RSSReader-Maruyama.release.xcconfig */ = {isa = PBXFileReference; includeInIndex = 1; lastKnownFileType = text.xcconfig; name = "Pods-RSSReader-Maruyama.release.xcconfig"; path = "Target Support Files/Pods-RSSReader-Maruyama/Pods-RSSReader-Maruyama.release.xcconfig"; sourceTree = "<group>"; };
		92B2ADA7396624608F838BAC /* Pods-RSSReader-Maruyama.debug.xcconfig */ = {isa = PBXFileReference; includeInIndex = 1; lastKnownFileType = text.xcconfig; name = "Pods-RSSReader-Maruyama.debug.xcconfig"; path = "Target Support Files/Pods-RSSReader-Maruyama/Pods-RSSReader-Maruyama.debug.xcconfig"; sourceTree = "<group>"; };
		A702F7A9537EA0A1522B6A60 /* Pods_RSSReader_Maruyama.framework */ = {isa = PBXFileReference; explicitFileType = wrapper.framework; includeInIndex = 0; path = Pods_RSSReader_Maruyama.framework; sourceTree = BUILT_PRODUCTS_DIR; };
		E9B068B23970BF31771B394E /* Pods-RSSReader-MaruyamaTests.debug.xcconfig */ = {isa = PBXFileReference; includeInIndex = 1; lastKnownFileType = text.xcconfig; name = "Pods-RSSReader-MaruyamaTests.debug.xcconfig"; path = "Target Support Files/Pods-RSSReader-MaruyamaTests/Pods-RSSReader-MaruyamaTests.debug.xcconfig"; sourceTree = "<group>"; };
		EE726A2870E577C4A99A6231 /* Pods-RSSReader-Maruyama-RSSReader-MaruyamaUITests.release.xcconfig */ = {isa = PBXFileReference; includeInIndex = 1; lastKnownFileType = text.xcconfig; name = "Pods-RSSReader-Maruyama-RSSReader-MaruyamaUITests.release.xcconfig"; path = "Target Support Files/Pods-RSSReader-Maruyama-RSSReader-MaruyamaUITests/Pods-RSSReader-Maruyama-RSSReader-MaruyamaUITests.release.xcconfig"; sourceTree = "<group>"; };
/* End PBXFileReference section */

/* Begin PBXFrameworksBuildPhase section */
		0097EC0E2500AF22006779BE /* Frameworks */ = {
			isa = PBXFrameworksBuildPhase;
			buildActionMask = 2147483647;
			files = (
				0097EC4B2500C4E8006779BE /* AuthenticationServices.framework in Frameworks */,
				8BC9050736C23C78627EF887 /* Pods_RSSReader_Maruyama.framework in Frameworks */,
			);
			runOnlyForDeploymentPostprocessing = 0;
		};
		0097EC242500AF25006779BE /* Frameworks */ = {
			isa = PBXFrameworksBuildPhase;
			buildActionMask = 2147483647;
			files = (
				9C889FFED5D43705EBC007D5 /* Pods_RSSReader_MaruyamaTests.framework in Frameworks */,
			);
			runOnlyForDeploymentPostprocessing = 0;
		};
		0097EC2F2500AF25006779BE /* Frameworks */ = {
			isa = PBXFrameworksBuildPhase;
			buildActionMask = 2147483647;
			files = (
				41661EF94F0F8CAC38E96D9D /* Pods_RSSReader_Maruyama_RSSReader_MaruyamaUITests.framework in Frameworks */,
			);
			runOnlyForDeploymentPostprocessing = 0;
		};
/* End PBXFrameworksBuildPhase section */

/* Begin PBXGroup section */
		00028CB92502393E00431E21 /* Modules */ = {
			isa = PBXGroup;
			children = (
				0039631B2535431B00DDAF8F /* SelectFeeds */,
				00028CBB2502397200431E21 /* Login */,
				00028CBA2502395600431E21 /* ItemList */,
				00B70E7F253D75870012786C /* Feed */,
				005A93A9253EEAD800A70F1D /* ReadLater */,
				005E0B8C253FDC0300E07373 /* WebView */,
				00C13904253ED054007A4B89 /* Settinglist */,
				00A38F6925492FE00076BF05 /* SelectFontSizeViewController */,
				00E2A6F325492BF8005BFA22 /* SelectListStyle */,
				00A2E6FF2549464F00335134 /* RSSInterval */,
				00B70E6E253D743C0012786C /* Root.storyboard */,
			);
			path = Modules;
			sourceTree = "<group>";
		};
		00028CBA2502395600431E21 /* ItemList */ = {
			isa = PBXGroup;
			children = (
				00919DF62539459E00008CC5 /* ItemListView */,
				00919E2B25394B0600008CC5 /* Table */,
				005514FF253D8BB700938B48 /* Collection */,
				00F64D43250142CE00F48858 /* ItemListViewController.swift */,
				00B70E94253D76570012786C /* ItemListViewPageController.swift */,
			);
			path = ItemList;
			sourceTree = "<group>";
		};
		00028CBB2502397200431E21 /* Login */ = {
			isa = PBXGroup;
			children = (
				0097EC472500C31E006779BE /* Login.storyboard */,
				0097EC452500C30F006779BE /* LoginViewController.swift */,
				002C6DC325066EBF00914046 /* IconableButton.swift */,
			);
			path = Login;
			sourceTree = "<group>";
		};
		00028CBC2502398D00431E21 /* Extensions */ = {
			isa = PBXGroup;
			children = (
				003963312535443A00DDAF8F /* NotificationName+Extension.swift */,
				002C6DC12505138E00914046 /* UserDefaults+Keys.swift */,
				00339E6F25149712000B2121 /* String+Extension.swift */,
				00DEC6A82514B62B004A3BD0 /* Date+Extensioin.swift */,
				00DEC6B52515018F004A3BD0 /* UIViewController+Extension.swift */,
			);
			path = Extensions;
			sourceTree = "<group>";
		};
		00339E6C251208AD000B2121 /* Utilities */ = {
			isa = PBXGroup;
			children = (
				00339E6925120531000B2121 /* Logger.swift */,
			);
			path = Utilities;
			sourceTree = "<group>";
		};
		0039631B2535431B00DDAF8F /* SelectFeeds */ = {
			isa = PBXGroup;
			children = (
				0039633625354C3500DDAF8F /* FeedTableCell */,
				0039631E2535434100DDAF8F /* SelectFeed.storyboard */,
				0039631C2535434100DDAF8F /* SelectFeedViewController.swift */,
				0039633A253552F100DDAF8F /* SelectFeedTableDataSource.swift */,
				0039633F2535530200DDAF8F /* SelectFeedTableDelegate.swift */,
			);
			path = SelectFeeds;
			sourceTree = "<group>";
		};
		0039633625354C3500DDAF8F /* FeedTableCell */ = {
			isa = PBXGroup;
			children = (
				0039631F2535434100DDAF8F /* FeedTableCell.xib */,
				0039631D2535434100DDAF8F /* FeedTableCell.swift */,
			);
			path = FeedTableCell;
			sourceTree = "<group>";
		};
		005514FF253D8BB700938B48 /* Collection */ = {
			isa = PBXGroup;
			children = (
				00551501253D8BB700938B48 /* ItemListCollectionCell */,
				00551500253D8BB700938B48 /* ItemListCollectionView.swift */,
			);
			path = Collection;
			sourceTree = "<group>";
		};
		00551501253D8BB700938B48 /* ItemListCollectionCell */ = {
			isa = PBXGroup;
			children = (
				00551502253D8BB700938B48 /* ItemListCollectionCell.xib */,
				00551503253D8BB700938B48 /* ItemListCollectionCell.swift */,
			);
			path = ItemListCollectionCell;
			sourceTree = "<group>";
		};
		005A93A9253EEAD800A70F1D /* ReadLater */ = {
			isa = PBXGroup;
			children = (
				005A93AB253EEAE900A70F1D /* ReadLater.storyboard */,
				005A93AA253EEAE900A70F1D /* ReadLaterViewController.swift */,
			);
			path = ReadLater;
			sourceTree = "<group>";
		};
		005E0B8C253FDC0300E07373 /* WebView */ = {
			isa = PBXGroup;
			children = (
				005E0B8D253FDC0300E07373 /* WebView.storyboard */,
				005E0B8E253FDC0300E07373 /* WebViewController.swift */,
				00F18D672549675C0025F87D /* ShareActivityItemSource.swift */,
			);
			path = WebView;
			sourceTree = "<group>";
		};
		00919DF62539459E00008CC5 /* ItemListView */ = {
			isa = PBXGroup;
			children = (
				00919E122539474100008CC5 /* ItemListCellProtocol.swift */,
				00919E0D2539470A00008CC5 /* ItemListViewProtocol.swift */,
				00919E08253946CC00008CC5 /* ItemListDataSource.swift */,
				00919DF72539459E00008CC5 /* ItemListDelegate.swift */,
			);
			path = ItemListView;
			sourceTree = "<group>";
		};
		00919E2B25394B0600008CC5 /* Table */ = {
			isa = PBXGroup;
			children = (
				00919E2D25394B0600008CC5 /* ItemListTableCell */,
				00919E2C25394B0600008CC5 /* ItemListTableView.swift */,
			);
			path = Table;
			sourceTree = "<group>";
		};
		00919E2D25394B0600008CC5 /* ItemListTableCell */ = {
			isa = PBXGroup;
			children = (
				00919E2E25394B0600008CC5 /* ItemListTableCell.xib */,
				00919E2F25394B0600008CC5 /* ItemListTableCell.swift */,
			);
			path = ItemListTableCell;
			sourceTree = "<group>";
		};
		00919E3C25397D5000008CC5 /* Downloaders */ = {
			isa = PBXGroup;
			children = (
				00919E3D25397D5000008CC5 /* ItemDownloader.swift */,
			);
			path = Downloaders;
			sourceTree = "<group>";
		};
		0097EC082500AF22006779BE = {
			isa = PBXGroup;
			children = (
				0097EC132500AF22006779BE /* RSSReader-Maruyama */,
				0097EC2A2500AF25006779BE /* RSSReader-MaruyamaTests */,
				0097EC352500AF25006779BE /* RSSReader-MaruyamaUITests */,
				0097EC122500AF22006779BE /* Products */,
				8811BDE4A99C6252340EC451 /* Pods */,
				452DC4B2AD9A75D461A10F51 /* Frameworks */,
			);
			sourceTree = "<group>";
		};
		0097EC122500AF22006779BE /* Products */ = {
			isa = PBXGroup;
			children = (
				0097EC112500AF22006779BE /* RSSReader-Maruyama.app */,
				0097EC272500AF25006779BE /* RSSReader-MaruyamaTests.xctest */,
				0097EC322500AF25006779BE /* RSSReader-MaruyamaUITests.xctest */,
			);
			name = Products;
			sourceTree = "<group>";
		};
		0097EC132500AF22006779BE /* RSSReader-Maruyama */ = {
			isa = PBXGroup;
			children = (
				0097EC142500AF22006779BE /* AppDelegate.swift */,
				0097EC162500AF22006779BE /* SceneDelegate.swift */,
				00028CBC2502398D00431E21 /* Extensions */,
				00339E6C251208AD000B2121 /* Utilities */,
				00028CB92502393E00431E21 /* Modules */,
				00F64D4C2501557100F48858 /* Models */,
				00919E55253980FC00008CC5 /* ItemCreator.swift */,
				00436212254A87FD00F48C9E /* ItemOrganizer.swift */,
				00F64D4D2501559F00F48858 /* Repositories */,
				00DEC7152527123B004A3BD0 /* Serviceis */,
				00DEC72425271559004A3BD0 /* Strategies */,
				00919E3C25397D5000008CC5 /* Downloaders */,
				00DEC76B25273F98004A3BD0 /* Locators */,
				00BE6F69252FF8B9003E0477 /* Supporting Files */,
				0097EC222500AF25006779BE /* Info.plist */,
			);
			path = "RSSReader-Maruyama";
			sourceTree = "<group>";
		};
		0097EC2A2500AF25006779BE /* RSSReader-MaruyamaTests */ = {
			isa = PBXGroup;
			children = (
				0097EC2B2500AF25006779BE /* RSSReader_MaruyamaTests.swift */,
				0097EC2D2500AF25006779BE /* Info.plist */,
			);
			path = "RSSReader-MaruyamaTests";
			sourceTree = "<group>";
		};
		0097EC352500AF25006779BE /* RSSReader-MaruyamaUITests */ = {
			isa = PBXGroup;
			children = (
				0097EC362500AF25006779BE /* RSSReader_MaruyamaUITests.swift */,
				0097EC382500AF25006779BE /* Info.plist */,
			);
			path = "RSSReader-MaruyamaUITests";
			sourceTree = "<group>";
		};
		00A2E6FF2549464F00335134 /* RSSInterval */ = {
			isa = PBXGroup;
			children = (
				00A2E6FA2549464B00335134 /* SelectRSSInterval.storyboard */,
				00A2E6EF2549463900335134 /* SelectRSSIntervalViewController.swift */,
			);
			path = RSSInterval;
			sourceTree = "<group>";
		};
		00A38F6925492FE00076BF05 /* SelectFontSizeViewController */ = {
			isa = PBXGroup;
			children = (
				00A38F6425492FDB0076BF05 /* SelectFontSize.storyboard */,
				00A38F5F25492FC10076BF05 /* SelectFontSizeViewController.swift */,
			);
			path = SelectFontSizeViewController;
			sourceTree = "<group>";
		};
		00B70E7F253D75870012786C /* Feed */ = {
			isa = PBXGroup;
			children = (
				00B70E9C253D7CDA0012786C /* ScrollTabView */,
				00B70E8D253D764C0012786C /* Feed.storyboard */,
				00B70E8E253D764C0012786C /* FeedViewController.swift */,
			);
			path = Feed;
			sourceTree = "<group>";
		};
		00B70E9C253D7CDA0012786C /* ScrollTabView */ = {
			isa = PBXGroup;
			children = (
				00B70E9F253D7CDA0012786C /* ScrollTabViewCell */,
				00B70E9D253D7CDA0012786C /* ScrollTabViewDataSource.swift */,
				00B70E9E253D7CDA0012786C /* ScrollTabViewDelegate.swift */,
				00B70EA2253D7CDA0012786C /* ScrollTabView.swift */,
			);
			path = ScrollTabView;
			sourceTree = "<group>";
		};
		00B70E9F253D7CDA0012786C /* ScrollTabViewCell */ = {
			isa = PBXGroup;
			children = (
				00B70EA0253D7CDA0012786C /* ScrollTabViewCell.xib */,
				00B70EA1253D7CDA0012786C /* ScrollTabViewCell.swift */,
			);
			path = ScrollTabViewCell;
			sourceTree = "<group>";
		};
		00BE6F69252FF8B9003E0477 /* Supporting Files */ = {
			isa = PBXGroup;
			children = (
				0097EC1D2500AF25006779BE /* Assets.xcassets */,
				005514FA253D810100938B48 /* Colors.xcassets */,
				0097EC1F2500AF25006779BE /* LaunchScreen.storyboard */,
			);
			path = "Supporting Files";
			sourceTree = "<group>";
		};
		00C13904253ED054007A4B89 /* Settinglist */ = {
			isa = PBXGroup;
			children = (
				0055150A253D8EA000938B48 /* SettingList.storyboard */,
				0055150F253D8EB100938B48 /* SettingListViewController.swift */,
			);
			path = Settinglist;
			sourceTree = "<group>";
		};
		00DEC7152527123B004A3BD0 /* Serviceis */ = {
			isa = PBXGroup;
			children = (
				00DEC7162527146C004A3BD0 /* AuthenticationService.swift */,
			);
			path = Serviceis;
			sourceTree = "<group>";
		};
		00DEC72425271559004A3BD0 /* Strategies */ = {
			isa = PBXGroup;
			children = (
				00DEC71C25271517004A3BD0 /* AuthenticationStrategy.swift */,
				00DEC72D2527161D004A3BD0 /* AppleAuthenticationStrategy.swift */,
				00DEC7372527166E004A3BD0 /* FacebookAuthenticationStrategy.swift */,
				00DEC7322527164D004A3BD0 /* GoogleAuthenticationStrategy.swift */,
			);
			path = Strategies;
			sourceTree = "<group>";
		};
		00DEC76B25273F98004A3BD0 /* Locators */ = {
			isa = PBXGroup;
			children = (
				00DEC76C25273FAB004A3BD0 /* AuthenticationStrategyLocator.swift */,
			);
			path = Locators;
			sourceTree = "<group>";
		};
		00E2A6F325492BF8005BFA22 /* SelectListStyle */ = {
			isa = PBXGroup;
			children = (
				00E2A6EE25492BF4005BFA22 /* SelectListStyle.storyboard */,
				00E2A6E925492BE8005BFA22 /* SelectListStyleViewController.swift */,
			);
			path = SelectListStyle;
			sourceTree = "<group>";
		};
		00F64D4C2501557100F48858 /* Models */ = {
			isa = PBXGroup;
			children = (
				00551517253D90EE00938B48 /* UserSetting.swift */,
				0097EC522500FEA8006779BE /* User.swift */,
				00396327253543A700DDAF8F /* Feed.swift */,
				00919DD92539350100008CC5 /* Item.swift */,
			);
			path = Models;
			sourceTree = "<group>";
		};
		00F64D4D2501559F00F48858 /* Repositories */ = {
			isa = PBXGroup;
			children = (
				0039632C253543BA00DDAF8F /* FeedRepository.swift */,
				0097EC502500FE50006779BE /* UserRepository.swift */,
				00C13908253ED0CE007A4B89 /* ItemRepository.swift */,
			);
			path = Repositories;
			sourceTree = "<group>";
		};
		452DC4B2AD9A75D461A10F51 /* Frameworks */ = {
			isa = PBXGroup;
			children = (
				0097EC4A2500C4E8006779BE /* AuthenticationServices.framework */,
				A702F7A9537EA0A1522B6A60 /* Pods_RSSReader_Maruyama.framework */,
				1A7E1306333728E5718229EE /* Pods_RSSReader_Maruyama_RSSReader_MaruyamaUITests.framework */,
				3364534928C3D390C305D65E /* Pods_RSSReader_MaruyamaTests.framework */,
			);
			name = Frameworks;
			sourceTree = "<group>";
		};
		8811BDE4A99C6252340EC451 /* Pods */ = {
			isa = PBXGroup;
			children = (
				92B2ADA7396624608F838BAC /* Pods-RSSReader-Maruyama.debug.xcconfig */,
				6F89A21A1A81800EC465FADE /* Pods-RSSReader-Maruyama.release.xcconfig */,
				6DAEBF5C582EFADDA2A19E4F /* Pods-RSSReader-Maruyama-RSSReader-MaruyamaUITests.debug.xcconfig */,
				EE726A2870E577C4A99A6231 /* Pods-RSSReader-Maruyama-RSSReader-MaruyamaUITests.release.xcconfig */,
				E9B068B23970BF31771B394E /* Pods-RSSReader-MaruyamaTests.debug.xcconfig */,
				65AB743606714C932764B31D /* Pods-RSSReader-MaruyamaTests.release.xcconfig */,
			);
			path = Pods;
			sourceTree = "<group>";
		};
/* End PBXGroup section */

/* Begin PBXNativeTarget section */
		0097EC102500AF22006779BE /* RSSReader-Maruyama */ = {
			isa = PBXNativeTarget;
			buildConfigurationList = 0097EC3B2500AF25006779BE /* Build configuration list for PBXNativeTarget "RSSReader-Maruyama" */;
			buildPhases = (
				F7FAD8A62395374ADF49CC62 /* [CP] Check Pods Manifest.lock */,
				0097EC0D2500AF22006779BE /* Sources */,
				0097EC0E2500AF22006779BE /* Frameworks */,
				0097EC0F2500AF22006779BE /* Resources */,
				FD348E1E24FD45A0A510AD37 /* [CP] Embed Pods Frameworks */,
				6DDFBDCE727469A8772D2D7A /* [CP] Copy Pods Resources */,
			);
			buildRules = (
			);
			dependencies = (
			);
			name = "RSSReader-Maruyama";
			productName = "RSSReader-Maruyama";
			productReference = 0097EC112500AF22006779BE /* RSSReader-Maruyama.app */;
			productType = "com.apple.product-type.application";
		};
		0097EC262500AF25006779BE /* RSSReader-MaruyamaTests */ = {
			isa = PBXNativeTarget;
			buildConfigurationList = 0097EC3E2500AF25006779BE /* Build configuration list for PBXNativeTarget "RSSReader-MaruyamaTests" */;
			buildPhases = (
				04EE37C6217DE2C25C0147F3 /* [CP] Check Pods Manifest.lock */,
				0097EC232500AF25006779BE /* Sources */,
				0097EC242500AF25006779BE /* Frameworks */,
				0097EC252500AF25006779BE /* Resources */,
			);
			buildRules = (
			);
			dependencies = (
				0097EC292500AF25006779BE /* PBXTargetDependency */,
			);
			name = "RSSReader-MaruyamaTests";
			productName = "RSSReader-MaruyamaTests";
			productReference = 0097EC272500AF25006779BE /* RSSReader-MaruyamaTests.xctest */;
			productType = "com.apple.product-type.bundle.unit-test";
		};
		0097EC312500AF25006779BE /* RSSReader-MaruyamaUITests */ = {
			isa = PBXNativeTarget;
			buildConfigurationList = 0097EC412500AF25006779BE /* Build configuration list for PBXNativeTarget "RSSReader-MaruyamaUITests" */;
			buildPhases = (
				0ED231CE3FD9B15B4ABBA9F7 /* [CP] Check Pods Manifest.lock */,
				0097EC2E2500AF25006779BE /* Sources */,
				0097EC2F2500AF25006779BE /* Frameworks */,
				0097EC302500AF25006779BE /* Resources */,
				E94EA4A3F0C2910474D4804A /* [CP] Embed Pods Frameworks */,
				CEFDD926BABBF80CB99261C3 /* [CP] Copy Pods Resources */,
			);
			buildRules = (
			);
			dependencies = (
				0097EC342500AF25006779BE /* PBXTargetDependency */,
			);
			name = "RSSReader-MaruyamaUITests";
			productName = "RSSReader-MaruyamaUITests";
			productReference = 0097EC322500AF25006779BE /* RSSReader-MaruyamaUITests.xctest */;
			productType = "com.apple.product-type.bundle.ui-testing";
		};
/* End PBXNativeTarget section */

/* Begin PBXProject section */
		0097EC092500AF22006779BE /* Project object */ = {
			isa = PBXProject;
			attributes = {
				LastSwiftUpdateCheck = 1160;
				LastUpgradeCheck = 1160;
				ORGANIZATIONNAME = "丸山翔";
				TargetAttributes = {
					0097EC102500AF22006779BE = {
						CreatedOnToolsVersion = 11.6;
					};
					0097EC262500AF25006779BE = {
						CreatedOnToolsVersion = 11.6;
						TestTargetID = 0097EC102500AF22006779BE;
					};
					0097EC312500AF25006779BE = {
						CreatedOnToolsVersion = 11.6;
						TestTargetID = 0097EC102500AF22006779BE;
					};
				};
			};
			buildConfigurationList = 0097EC0C2500AF22006779BE /* Build configuration list for PBXProject "RSSReader-Maruyama" */;
			compatibilityVersion = "Xcode 9.3";
			developmentRegion = en;
			hasScannedForEncodings = 0;
			knownRegions = (
				en,
				Base,
			);
			mainGroup = 0097EC082500AF22006779BE;
			productRefGroup = 0097EC122500AF22006779BE /* Products */;
			projectDirPath = "";
			projectRoot = "";
			targets = (
				0097EC102500AF22006779BE /* RSSReader-Maruyama */,
				0097EC262500AF25006779BE /* RSSReader-MaruyamaTests */,
				0097EC312500AF25006779BE /* RSSReader-MaruyamaUITests */,
			);
		};
/* End PBXProject section */

/* Begin PBXResourcesBuildPhase section */
		0097EC0F2500AF22006779BE /* Resources */ = {
			isa = PBXResourcesBuildPhase;
			buildActionMask = 2147483647;
			files = (
				0097EC482500C31E006779BE /* Login.storyboard in Resources */,
				00A2E6FB2549464B00335134 /* SelectRSSInterval.storyboard in Resources */,
				00919E3125394B0600008CC5 /* ItemListTableCell.xib in Resources */,
				00A38F6525492FDB0076BF05 /* SelectFontSize.storyboard in Resources */,
				00B70E8F253D764C0012786C /* Feed.storyboard in Resources */,
				005A93AD253EEAE900A70F1D /* ReadLater.storyboard in Resources */,
				00B70E6F253D743C0012786C /* Root.storyboard in Resources */,
				00B70EA5253D7CDA0012786C /* ScrollTabViewCell.xib in Resources */,
				005514FB253D810100938B48 /* Colors.xcassets in Resources */,
				003963222535434100DDAF8F /* SelectFeed.storyboard in Resources */,
				00E2A6EF25492BF4005BFA22 /* SelectListStyle.storyboard in Resources */,
				00551505253D8BB700938B48 /* ItemListCollectionCell.xib in Resources */,
				0097EC212500AF25006779BE /* LaunchScreen.storyboard in Resources */,
				005E0B8F253FDC0300E07373 /* WebView.storyboard in Resources */,
				003963232535434100DDAF8F /* FeedTableCell.xib in Resources */,
				0097EC1E2500AF25006779BE /* Assets.xcassets in Resources */,
				0055150B253D8EA000938B48 /* SettingList.storyboard in Resources */,
			);
			runOnlyForDeploymentPostprocessing = 0;
		};
		0097EC252500AF25006779BE /* Resources */ = {
			isa = PBXResourcesBuildPhase;
			buildActionMask = 2147483647;
			files = (
			);
			runOnlyForDeploymentPostprocessing = 0;
		};
		0097EC302500AF25006779BE /* Resources */ = {
			isa = PBXResourcesBuildPhase;
			buildActionMask = 2147483647;
			files = (
			);
			runOnlyForDeploymentPostprocessing = 0;
		};
/* End PBXResourcesBuildPhase section */

/* Begin PBXShellScriptBuildPhase section */
		04EE37C6217DE2C25C0147F3 /* [CP] Check Pods Manifest.lock */ = {
			isa = PBXShellScriptBuildPhase;
			buildActionMask = 2147483647;
			files = (
			);
			inputFileListPaths = (
			);
			inputPaths = (
				"${PODS_PODFILE_DIR_PATH}/Podfile.lock",
				"${PODS_ROOT}/Manifest.lock",
			);
			name = "[CP] Check Pods Manifest.lock";
			outputFileListPaths = (
			);
			outputPaths = (
				"$(DERIVED_FILE_DIR)/Pods-RSSReader-MaruyamaTests-checkManifestLockResult.txt",
			);
			runOnlyForDeploymentPostprocessing = 0;
			shellPath = /bin/sh;
			shellScript = "diff \"${PODS_PODFILE_DIR_PATH}/Podfile.lock\" \"${PODS_ROOT}/Manifest.lock\" > /dev/null\nif [ $? != 0 ] ; then\n    # print error to STDERR\n    echo \"error: The sandbox is not in sync with the Podfile.lock. Run 'pod install' or update your CocoaPods installation.\" >&2\n    exit 1\nfi\n# This output is used by Xcode 'outputs' to avoid re-running this script phase.\necho \"SUCCESS\" > \"${SCRIPT_OUTPUT_FILE_0}\"\n";
			showEnvVarsInLog = 0;
		};
		0ED231CE3FD9B15B4ABBA9F7 /* [CP] Check Pods Manifest.lock */ = {
			isa = PBXShellScriptBuildPhase;
			buildActionMask = 2147483647;
			files = (
			);
			inputFileListPaths = (
			);
			inputPaths = (
				"${PODS_PODFILE_DIR_PATH}/Podfile.lock",
				"${PODS_ROOT}/Manifest.lock",
			);
			name = "[CP] Check Pods Manifest.lock";
			outputFileListPaths = (
			);
			outputPaths = (
				"$(DERIVED_FILE_DIR)/Pods-RSSReader-Maruyama-RSSReader-MaruyamaUITests-checkManifestLockResult.txt",
			);
			runOnlyForDeploymentPostprocessing = 0;
			shellPath = /bin/sh;
			shellScript = "diff \"${PODS_PODFILE_DIR_PATH}/Podfile.lock\" \"${PODS_ROOT}/Manifest.lock\" > /dev/null\nif [ $? != 0 ] ; then\n    # print error to STDERR\n    echo \"error: The sandbox is not in sync with the Podfile.lock. Run 'pod install' or update your CocoaPods installation.\" >&2\n    exit 1\nfi\n# This output is used by Xcode 'outputs' to avoid re-running this script phase.\necho \"SUCCESS\" > \"${SCRIPT_OUTPUT_FILE_0}\"\n";
			showEnvVarsInLog = 0;
		};
		6DDFBDCE727469A8772D2D7A /* [CP] Copy Pods Resources */ = {
			isa = PBXShellScriptBuildPhase;
			buildActionMask = 2147483647;
			files = (
			);
			inputFileListPaths = (
				"${PODS_ROOT}/Target Support Files/Pods-RSSReader-Maruyama/Pods-RSSReader-Maruyama-resources-${CONFIGURATION}-input-files.xcfilelist",
			);
			name = "[CP] Copy Pods Resources";
			outputFileListPaths = (
				"${PODS_ROOT}/Target Support Files/Pods-RSSReader-Maruyama/Pods-RSSReader-Maruyama-resources-${CONFIGURATION}-output-files.xcfilelist",
			);
			runOnlyForDeploymentPostprocessing = 0;
			shellPath = /bin/sh;
			shellScript = "\"${PODS_ROOT}/Target Support Files/Pods-RSSReader-Maruyama/Pods-RSSReader-Maruyama-resources.sh\"\n";
			showEnvVarsInLog = 0;
		};
		CEFDD926BABBF80CB99261C3 /* [CP] Copy Pods Resources */ = {
			isa = PBXShellScriptBuildPhase;
			buildActionMask = 2147483647;
			files = (
			);
			inputFileListPaths = (
				"${PODS_ROOT}/Target Support Files/Pods-RSSReader-Maruyama-RSSReader-MaruyamaUITests/Pods-RSSReader-Maruyama-RSSReader-MaruyamaUITests-resources-${CONFIGURATION}-input-files.xcfilelist",
			);
			name = "[CP] Copy Pods Resources";
			outputFileListPaths = (
				"${PODS_ROOT}/Target Support Files/Pods-RSSReader-Maruyama-RSSReader-MaruyamaUITests/Pods-RSSReader-Maruyama-RSSReader-MaruyamaUITests-resources-${CONFIGURATION}-output-files.xcfilelist",
			);
			runOnlyForDeploymentPostprocessing = 0;
			shellPath = /bin/sh;
			shellScript = "\"${PODS_ROOT}/Target Support Files/Pods-RSSReader-Maruyama-RSSReader-MaruyamaUITests/Pods-RSSReader-Maruyama-RSSReader-MaruyamaUITests-resources.sh\"\n";
			showEnvVarsInLog = 0;
		};
		E94EA4A3F0C2910474D4804A /* [CP] Embed Pods Frameworks */ = {
			isa = PBXShellScriptBuildPhase;
			buildActionMask = 2147483647;
			files = (
			);
			inputFileListPaths = (
				"${PODS_ROOT}/Target Support Files/Pods-RSSReader-Maruyama-RSSReader-MaruyamaUITests/Pods-RSSReader-Maruyama-RSSReader-MaruyamaUITests-frameworks-${CONFIGURATION}-input-files.xcfilelist",
			);
			name = "[CP] Embed Pods Frameworks";
			outputFileListPaths = (
				"${PODS_ROOT}/Target Support Files/Pods-RSSReader-Maruyama-RSSReader-MaruyamaUITests/Pods-RSSReader-Maruyama-RSSReader-MaruyamaUITests-frameworks-${CONFIGURATION}-output-files.xcfilelist",
			);
			runOnlyForDeploymentPostprocessing = 0;
			shellPath = /bin/sh;
			shellScript = "\"${PODS_ROOT}/Target Support Files/Pods-RSSReader-Maruyama-RSSReader-MaruyamaUITests/Pods-RSSReader-Maruyama-RSSReader-MaruyamaUITests-frameworks.sh\"\n";
			showEnvVarsInLog = 0;
		};
		F7FAD8A62395374ADF49CC62 /* [CP] Check Pods Manifest.lock */ = {
			isa = PBXShellScriptBuildPhase;
			buildActionMask = 2147483647;
			files = (
			);
			inputFileListPaths = (
			);
			inputPaths = (
				"${PODS_PODFILE_DIR_PATH}/Podfile.lock",
				"${PODS_ROOT}/Manifest.lock",
			);
			name = "[CP] Check Pods Manifest.lock";
			outputFileListPaths = (
			);
			outputPaths = (
				"$(DERIVED_FILE_DIR)/Pods-RSSReader-Maruyama-checkManifestLockResult.txt",
			);
			runOnlyForDeploymentPostprocessing = 0;
			shellPath = /bin/sh;
			shellScript = "diff \"${PODS_PODFILE_DIR_PATH}/Podfile.lock\" \"${PODS_ROOT}/Manifest.lock\" > /dev/null\nif [ $? != 0 ] ; then\n    # print error to STDERR\n    echo \"error: The sandbox is not in sync with the Podfile.lock. Run 'pod install' or update your CocoaPods installation.\" >&2\n    exit 1\nfi\n# This output is used by Xcode 'outputs' to avoid re-running this script phase.\necho \"SUCCESS\" > \"${SCRIPT_OUTPUT_FILE_0}\"\n";
			showEnvVarsInLog = 0;
		};
		FD348E1E24FD45A0A510AD37 /* [CP] Embed Pods Frameworks */ = {
			isa = PBXShellScriptBuildPhase;
			buildActionMask = 2147483647;
			files = (
			);
			inputFileListPaths = (
				"${PODS_ROOT}/Target Support Files/Pods-RSSReader-Maruyama/Pods-RSSReader-Maruyama-frameworks-${CONFIGURATION}-input-files.xcfilelist",
			);
			name = "[CP] Embed Pods Frameworks";
			outputFileListPaths = (
				"${PODS_ROOT}/Target Support Files/Pods-RSSReader-Maruyama/Pods-RSSReader-Maruyama-frameworks-${CONFIGURATION}-output-files.xcfilelist",
			);
			runOnlyForDeploymentPostprocessing = 0;
			shellPath = /bin/sh;
			shellScript = "\"${PODS_ROOT}/Target Support Files/Pods-RSSReader-Maruyama/Pods-RSSReader-Maruyama-frameworks.sh\"\n";
			showEnvVarsInLog = 0;
		};
/* End PBXShellScriptBuildPhase section */

/* Begin PBXSourcesBuildPhase section */
		0097EC0D2500AF22006779BE /* Sources */ = {
			isa = PBXSourcesBuildPhase;
			buildActionMask = 2147483647;
			files = (
				00B70E95253D76570012786C /* ItemListViewPageController.swift in Sources */,
				00919E3225394B0600008CC5 /* ItemListTableCell.swift in Sources */,
				00919E3025394B0600008CC5 /* ItemListTableView.swift in Sources */,
				003963202535434100DDAF8F /* SelectFeedViewController.swift in Sources */,
				00919E0E2539470A00008CC5 /* ItemListViewProtocol.swift in Sources */,
				00551504253D8BB700938B48 /* ItemListCollectionView.swift in Sources */,
				00339E6A25120531000B2121 /* Logger.swift in Sources */,
				00919E3E25397D5000008CC5 /* ItemDownloader.swift in Sources */,
				00F64D44250142CE00F48858 /* ItemListViewController.swift in Sources */,
				00DEC7172527146C004A3BD0 /* AuthenticationService.swift in Sources */,
				00DEC7382527166E004A3BD0 /* FacebookAuthenticationStrategy.swift in Sources */,
				002C6DC425066EBF00914046 /* IconableButton.swift in Sources */,
				00DEC6B62515018F004A3BD0 /* UIViewController+Extension.swift in Sources */,
				00339E7025149712000B2121 /* String+Extension.swift in Sources */,
				002C6DC22505138E00914046 /* UserDefaults+Keys.swift in Sources */,
				0039632D253543BA00DDAF8F /* FeedRepository.swift in Sources */,
				0097EC462500C30F006779BE /* LoginViewController.swift in Sources */,
				00551518253D90EF00938B48 /* UserSetting.swift in Sources */,
				00436213254A87FD00F48C9E /* ItemOrganizer.swift in Sources */,
				0097EC152500AF22006779BE /* AppDelegate.swift in Sources */,
				0097EC172500AF22006779BE /* SceneDelegate.swift in Sources */,
				00551510253D8EB100938B48 /* SettingListViewController.swift in Sources */,
				00919E56253980FC00008CC5 /* ItemCreator.swift in Sources */,
				0039633B253552F100DDAF8F /* SelectFeedTableDataSource.swift in Sources */,
				005A93AC253EEAE900A70F1D /* ReadLaterViewController.swift in Sources */,
				005E0B90253FDC0300E07373 /* WebViewController.swift in Sources */,
				003963322535443A00DDAF8F /* NotificationName+Extension.swift in Sources */,
				00E2A6EA25492BE8005BFA22 /* SelectListStyleViewController.swift in Sources */,
				00DEC72E2527161D004A3BD0 /* AppleAuthenticationStrategy.swift in Sources */,
				00B70EA3253D7CDA0012786C /* ScrollTabViewDataSource.swift in Sources */,
				0097EC532500FEA8006779BE /* User.swift in Sources */,
				00396328253543A700DDAF8F /* Feed.swift in Sources */,
				00919E09253946CC00008CC5 /* ItemListDataSource.swift in Sources */,
				00DEC7332527164D004A3BD0 /* GoogleAuthenticationStrategy.swift in Sources */,
				003963212535434100DDAF8F /* FeedTableCell.swift in Sources */,
				00A38F6025492FC10076BF05 /* SelectFontSizeViewController.swift in Sources */,
				0097EC512500FE50006779BE /* UserRepository.swift in Sources */,
				00B70E90253D764C0012786C /* FeedViewController.swift in Sources */,
				00DEC71D25271517004A3BD0 /* AuthenticationStrategy.swift in Sources */,
				00919DFB2539459E00008CC5 /* ItemListDelegate.swift in Sources */,
				00B70EA4253D7CDA0012786C /* ScrollTabViewDelegate.swift in Sources */,
				00919DDA2539350100008CC5 /* Item.swift in Sources */,
				00DEC76D25273FAB004A3BD0 /* AuthenticationStrategyLocator.swift in Sources */,
				00DEC6A92514B62B004A3BD0 /* Date+Extensioin.swift in Sources */,
				00C13909253ED0CE007A4B89 /* ItemRepository.swift in Sources */,
				00A2E6F02549463900335134 /* SelectRSSIntervalViewController.swift in Sources */,
				00F18D682549675C0025F87D /* ShareActivityItemSource.swift in Sources */,
				00B70EA6253D7CDA0012786C /* ScrollTabViewCell.swift in Sources */,
				00551506253D8BB700938B48 /* ItemListCollectionCell.swift in Sources */,
				003963402535530200DDAF8F /* SelectFeedTableDelegate.swift in Sources */,
				00919E132539474100008CC5 /* ItemListCellProtocol.swift in Sources */,
				00B70EA7253D7CDA0012786C /* ScrollTabView.swift in Sources */,
			);
			runOnlyForDeploymentPostprocessing = 0;
		};
		0097EC232500AF25006779BE /* Sources */ = {
			isa = PBXSourcesBuildPhase;
			buildActionMask = 2147483647;
			files = (
				0097EC2C2500AF25006779BE /* RSSReader_MaruyamaTests.swift in Sources */,
			);
			runOnlyForDeploymentPostprocessing = 0;
		};
		0097EC2E2500AF25006779BE /* Sources */ = {
			isa = PBXSourcesBuildPhase;
			buildActionMask = 2147483647;
			files = (
				0097EC372500AF25006779BE /* RSSReader_MaruyamaUITests.swift in Sources */,
			);
			runOnlyForDeploymentPostprocessing = 0;
		};
/* End PBXSourcesBuildPhase section */

/* Begin PBXTargetDependency section */
		0097EC292500AF25006779BE /* PBXTargetDependency */ = {
			isa = PBXTargetDependency;
			target = 0097EC102500AF22006779BE /* RSSReader-Maruyama */;
			targetProxy = 0097EC282500AF25006779BE /* PBXContainerItemProxy */;
		};
		0097EC342500AF25006779BE /* PBXTargetDependency */ = {
			isa = PBXTargetDependency;
			target = 0097EC102500AF22006779BE /* RSSReader-Maruyama */;
			targetProxy = 0097EC332500AF25006779BE /* PBXContainerItemProxy */;
		};
/* End PBXTargetDependency section */

/* Begin PBXVariantGroup section */
		0097EC1F2500AF25006779BE /* LaunchScreen.storyboard */ = {
			isa = PBXVariantGroup;
			children = (
				0097EC202500AF25006779BE /* Base */,
			);
			name = LaunchScreen.storyboard;
			sourceTree = "<group>";
		};
/* End PBXVariantGroup section */

/* Begin XCBuildConfiguration section */
		0097EC392500AF25006779BE /* Debug */ = {
			isa = XCBuildConfiguration;
			buildSettings = {
				ALWAYS_SEARCH_USER_PATHS = NO;
				CLANG_ANALYZER_NONNULL = YES;
				CLANG_ANALYZER_NUMBER_OBJECT_CONVERSION = YES_AGGRESSIVE;
				CLANG_CXX_LANGUAGE_STANDARD = "gnu++14";
				CLANG_CXX_LIBRARY = "libc++";
				CLANG_ENABLE_MODULES = YES;
				CLANG_ENABLE_OBJC_ARC = YES;
				CLANG_ENABLE_OBJC_WEAK = YES;
				CLANG_WARN_BLOCK_CAPTURE_AUTORELEASING = YES;
				CLANG_WARN_BOOL_CONVERSION = YES;
				CLANG_WARN_COMMA = YES;
				CLANG_WARN_CONSTANT_CONVERSION = YES;
				CLANG_WARN_DEPRECATED_OBJC_IMPLEMENTATIONS = YES;
				CLANG_WARN_DIRECT_OBJC_ISA_USAGE = YES_ERROR;
				CLANG_WARN_DOCUMENTATION_COMMENTS = YES;
				CLANG_WARN_EMPTY_BODY = YES;
				CLANG_WARN_ENUM_CONVERSION = YES;
				CLANG_WARN_INFINITE_RECURSION = YES;
				CLANG_WARN_INT_CONVERSION = YES;
				CLANG_WARN_NON_LITERAL_NULL_CONVERSION = YES;
				CLANG_WARN_OBJC_IMPLICIT_RETAIN_SELF = YES;
				CLANG_WARN_OBJC_LITERAL_CONVERSION = YES;
				CLANG_WARN_OBJC_ROOT_CLASS = YES_ERROR;
				CLANG_WARN_RANGE_LOOP_ANALYSIS = YES;
				CLANG_WARN_STRICT_PROTOTYPES = YES;
				CLANG_WARN_SUSPICIOUS_MOVE = YES;
				CLANG_WARN_UNGUARDED_AVAILABILITY = YES_AGGRESSIVE;
				CLANG_WARN_UNREACHABLE_CODE = YES;
				CLANG_WARN__DUPLICATE_METHOD_MATCH = YES;
				COPY_PHASE_STRIP = NO;
				DEBUG_INFORMATION_FORMAT = dwarf;
				ENABLE_STRICT_OBJC_MSGSEND = YES;
				ENABLE_TESTABILITY = YES;
				GCC_C_LANGUAGE_STANDARD = gnu11;
				GCC_DYNAMIC_NO_PIC = NO;
				GCC_NO_COMMON_BLOCKS = YES;
				GCC_OPTIMIZATION_LEVEL = 0;
				GCC_PREPROCESSOR_DEFINITIONS = (
					"DEBUG=1",
					"$(inherited)",
				);
				GCC_WARN_64_TO_32_BIT_CONVERSION = YES;
				GCC_WARN_ABOUT_RETURN_TYPE = YES_ERROR;
				GCC_WARN_UNDECLARED_SELECTOR = YES;
				GCC_WARN_UNINITIALIZED_AUTOS = YES_AGGRESSIVE;
				GCC_WARN_UNUSED_FUNCTION = YES;
				GCC_WARN_UNUSED_VARIABLE = YES;
				IPHONEOS_DEPLOYMENT_TARGET = 13.6;
				MTL_ENABLE_DEBUG_INFO = INCLUDE_SOURCE;
				MTL_FAST_MATH = YES;
				ONLY_ACTIVE_ARCH = YES;
				SDKROOT = iphoneos;
				SWIFT_ACTIVE_COMPILATION_CONDITIONS = DEBUG;
				SWIFT_OPTIMIZATION_LEVEL = "-Onone";
			};
			name = Debug;
		};
		0097EC3A2500AF25006779BE /* Release */ = {
			isa = XCBuildConfiguration;
			buildSettings = {
				ALWAYS_SEARCH_USER_PATHS = NO;
				CLANG_ANALYZER_NONNULL = YES;
				CLANG_ANALYZER_NUMBER_OBJECT_CONVERSION = YES_AGGRESSIVE;
				CLANG_CXX_LANGUAGE_STANDARD = "gnu++14";
				CLANG_CXX_LIBRARY = "libc++";
				CLANG_ENABLE_MODULES = YES;
				CLANG_ENABLE_OBJC_ARC = YES;
				CLANG_ENABLE_OBJC_WEAK = YES;
				CLANG_WARN_BLOCK_CAPTURE_AUTORELEASING = YES;
				CLANG_WARN_BOOL_CONVERSION = YES;
				CLANG_WARN_COMMA = YES;
				CLANG_WARN_CONSTANT_CONVERSION = YES;
				CLANG_WARN_DEPRECATED_OBJC_IMPLEMENTATIONS = YES;
				CLANG_WARN_DIRECT_OBJC_ISA_USAGE = YES_ERROR;
				CLANG_WARN_DOCUMENTATION_COMMENTS = YES;
				CLANG_WARN_EMPTY_BODY = YES;
				CLANG_WARN_ENUM_CONVERSION = YES;
				CLANG_WARN_INFINITE_RECURSION = YES;
				CLANG_WARN_INT_CONVERSION = YES;
				CLANG_WARN_NON_LITERAL_NULL_CONVERSION = YES;
				CLANG_WARN_OBJC_IMPLICIT_RETAIN_SELF = YES;
				CLANG_WARN_OBJC_LITERAL_CONVERSION = YES;
				CLANG_WARN_OBJC_ROOT_CLASS = YES_ERROR;
				CLANG_WARN_RANGE_LOOP_ANALYSIS = YES;
				CLANG_WARN_STRICT_PROTOTYPES = YES;
				CLANG_WARN_SUSPICIOUS_MOVE = YES;
				CLANG_WARN_UNGUARDED_AVAILABILITY = YES_AGGRESSIVE;
				CLANG_WARN_UNREACHABLE_CODE = YES;
				CLANG_WARN__DUPLICATE_METHOD_MATCH = YES;
				COPY_PHASE_STRIP = NO;
				DEBUG_INFORMATION_FORMAT = "dwarf-with-dsym";
				ENABLE_NS_ASSERTIONS = NO;
				ENABLE_STRICT_OBJC_MSGSEND = YES;
				GCC_C_LANGUAGE_STANDARD = gnu11;
				GCC_NO_COMMON_BLOCKS = YES;
				GCC_WARN_64_TO_32_BIT_CONVERSION = YES;
				GCC_WARN_ABOUT_RETURN_TYPE = YES_ERROR;
				GCC_WARN_UNDECLARED_SELECTOR = YES;
				GCC_WARN_UNINITIALIZED_AUTOS = YES_AGGRESSIVE;
				GCC_WARN_UNUSED_FUNCTION = YES;
				GCC_WARN_UNUSED_VARIABLE = YES;
				IPHONEOS_DEPLOYMENT_TARGET = 13.6;
				MTL_ENABLE_DEBUG_INFO = NO;
				MTL_FAST_MATH = YES;
				SDKROOT = iphoneos;
				SWIFT_COMPILATION_MODE = wholemodule;
				SWIFT_OPTIMIZATION_LEVEL = "-O";
				VALIDATE_PRODUCT = YES;
			};
			name = Release;
		};
		0097EC3C2500AF25006779BE /* Debug */ = {
			isa = XCBuildConfiguration;
			baseConfigurationReference = 92B2ADA7396624608F838BAC /* Pods-RSSReader-Maruyama.debug.xcconfig */;
			buildSettings = {
				ASSETCATALOG_COMPILER_APPICON_NAME = AppIcon;
				CODE_SIGN_STYLE = Automatic;
				DEVELOPMENT_TEAM = S5X79GSR83;
				INFOPLIST_FILE = "RSSReader-Maruyama/Info.plist";
				LD_RUNPATH_SEARCH_PATHS = (
					"$(inherited)",
					"@executable_path/Frameworks",
				);
				PRODUCT_BUNDLE_IDENTIFIER = "com.maruyama.RSSReader-Maruyama";
				PRODUCT_NAME = "$(TARGET_NAME)";
				SWIFT_VERSION = 5.0;
				TARGETED_DEVICE_FAMILY = "1,2";
			};
			name = Debug;
		};
		0097EC3D2500AF25006779BE /* Release */ = {
			isa = XCBuildConfiguration;
			baseConfigurationReference = 6F89A21A1A81800EC465FADE /* Pods-RSSReader-Maruyama.release.xcconfig */;
			buildSettings = {
				ASSETCATALOG_COMPILER_APPICON_NAME = AppIcon;
				CODE_SIGN_STYLE = Automatic;
				DEVELOPMENT_TEAM = S5X79GSR83;
				INFOPLIST_FILE = "RSSReader-Maruyama/Info.plist";
				LD_RUNPATH_SEARCH_PATHS = (
					"$(inherited)",
					"@executable_path/Frameworks",
				);
				PRODUCT_BUNDLE_IDENTIFIER = "com.maruyama.RSSReader-Maruyama";
				PRODUCT_NAME = "$(TARGET_NAME)";
				SWIFT_VERSION = 5.0;
				TARGETED_DEVICE_FAMILY = "1,2";
			};
			name = Release;
		};
		0097EC3F2500AF25006779BE /* Debug */ = {
			isa = XCBuildConfiguration;
			baseConfigurationReference = E9B068B23970BF31771B394E /* Pods-RSSReader-MaruyamaTests.debug.xcconfig */;
			buildSettings = {
				ALWAYS_EMBED_SWIFT_STANDARD_LIBRARIES = YES;
				BUNDLE_LOADER = "$(TEST_HOST)";
				CODE_SIGN_STYLE = Automatic;
				DEVELOPMENT_TEAM = S5X79GSR83;
				INFOPLIST_FILE = "RSSReader-MaruyamaTests/Info.plist";
				IPHONEOS_DEPLOYMENT_TARGET = 13.6;
				LD_RUNPATH_SEARCH_PATHS = (
					"$(inherited)",
					"@executable_path/Frameworks",
					"@loader_path/Frameworks",
				);
				PRODUCT_BUNDLE_IDENTIFIER = "com.maruyama.RSSReader-MaruyamaTests";
				PRODUCT_NAME = "$(TARGET_NAME)";
				SWIFT_VERSION = 5.0;
				TARGETED_DEVICE_FAMILY = "1,2";
				TEST_HOST = "$(BUILT_PRODUCTS_DIR)/RSSReader-Maruyama.app/RSSReader-Maruyama";
			};
			name = Debug;
		};
		0097EC402500AF25006779BE /* Release */ = {
			isa = XCBuildConfiguration;
			baseConfigurationReference = 65AB743606714C932764B31D /* Pods-RSSReader-MaruyamaTests.release.xcconfig */;
			buildSettings = {
				ALWAYS_EMBED_SWIFT_STANDARD_LIBRARIES = YES;
				BUNDLE_LOADER = "$(TEST_HOST)";
				CODE_SIGN_STYLE = Automatic;
				DEVELOPMENT_TEAM = S5X79GSR83;
				INFOPLIST_FILE = "RSSReader-MaruyamaTests/Info.plist";
				IPHONEOS_DEPLOYMENT_TARGET = 13.6;
				LD_RUNPATH_SEARCH_PATHS = (
					"$(inherited)",
					"@executable_path/Frameworks",
					"@loader_path/Frameworks",
				);
				PRODUCT_BUNDLE_IDENTIFIER = "com.maruyama.RSSReader-MaruyamaTests";
				PRODUCT_NAME = "$(TARGET_NAME)";
				SWIFT_VERSION = 5.0;
				TARGETED_DEVICE_FAMILY = "1,2";
				TEST_HOST = "$(BUILT_PRODUCTS_DIR)/RSSReader-Maruyama.app/RSSReader-Maruyama";
			};
			name = Release;
		};
		0097EC422500AF25006779BE /* Debug */ = {
			isa = XCBuildConfiguration;
			baseConfigurationReference = 6DAEBF5C582EFADDA2A19E4F /* Pods-RSSReader-Maruyama-RSSReader-MaruyamaUITests.debug.xcconfig */;
			buildSettings = {
				ALWAYS_EMBED_SWIFT_STANDARD_LIBRARIES = YES;
				CODE_SIGN_STYLE = Automatic;
				DEVELOPMENT_TEAM = S5X79GSR83;
				INFOPLIST_FILE = "RSSReader-MaruyamaUITests/Info.plist";
				LD_RUNPATH_SEARCH_PATHS = (
					"$(inherited)",
					"@executable_path/Frameworks",
					"@loader_path/Frameworks",
				);
				PRODUCT_BUNDLE_IDENTIFIER = "com.maruyama.RSSReader-MaruyamaUITests";
				PRODUCT_NAME = "$(TARGET_NAME)";
				SWIFT_VERSION = 5.0;
				TARGETED_DEVICE_FAMILY = "1,2";
				TEST_TARGET_NAME = "RSSReader-Maruyama";
			};
			name = Debug;
		};
		0097EC432500AF25006779BE /* Release */ = {
			isa = XCBuildConfiguration;
			baseConfigurationReference = EE726A2870E577C4A99A6231 /* Pods-RSSReader-Maruyama-RSSReader-MaruyamaUITests.release.xcconfig */;
			buildSettings = {
				ALWAYS_EMBED_SWIFT_STANDARD_LIBRARIES = YES;
				CODE_SIGN_STYLE = Automatic;
				DEVELOPMENT_TEAM = S5X79GSR83;
				INFOPLIST_FILE = "RSSReader-MaruyamaUITests/Info.plist";
				LD_RUNPATH_SEARCH_PATHS = (
					"$(inherited)",
					"@executable_path/Frameworks",
					"@loader_path/Frameworks",
				);
				PRODUCT_BUNDLE_IDENTIFIER = "com.maruyama.RSSReader-MaruyamaUITests";
				PRODUCT_NAME = "$(TARGET_NAME)";
				SWIFT_VERSION = 5.0;
				TARGETED_DEVICE_FAMILY = "1,2";
				TEST_TARGET_NAME = "RSSReader-Maruyama";
			};
			name = Release;
		};
/* End XCBuildConfiguration section */

/* Begin XCConfigurationList section */
		0097EC0C2500AF22006779BE /* Build configuration list for PBXProject "RSSReader-Maruyama" */ = {
			isa = XCConfigurationList;
			buildConfigurations = (
				0097EC392500AF25006779BE /* Debug */,
				0097EC3A2500AF25006779BE /* Release */,
			);
			defaultConfigurationIsVisible = 0;
			defaultConfigurationName = Release;
		};
		0097EC3B2500AF25006779BE /* Build configuration list for PBXNativeTarget "RSSReader-Maruyama" */ = {
			isa = XCConfigurationList;
			buildConfigurations = (
				0097EC3C2500AF25006779BE /* Debug */,
				0097EC3D2500AF25006779BE /* Release */,
			);
			defaultConfigurationIsVisible = 0;
			defaultConfigurationName = Release;
		};
		0097EC3E2500AF25006779BE /* Build configuration list for PBXNativeTarget "RSSReader-MaruyamaTests" */ = {
			isa = XCConfigurationList;
			buildConfigurations = (
				0097EC3F2500AF25006779BE /* Debug */,
				0097EC402500AF25006779BE /* Release */,
			);
			defaultConfigurationIsVisible = 0;
			defaultConfigurationName = Release;
		};
		0097EC412500AF25006779BE /* Build configuration list for PBXNativeTarget "RSSReader-MaruyamaUITests" */ = {
			isa = XCConfigurationList;
			buildConfigurations = (
				0097EC422500AF25006779BE /* Debug */,
				0097EC432500AF25006779BE /* Release */,
			);
			defaultConfigurationIsVisible = 0;
			defaultConfigurationName = Release;
		};
/* End XCConfigurationList section */
	};
	rootObject = 0097EC092500AF22006779BE /* Project object */;
}
